
Microsoft Visual Studio Solution File, Format Version 12.00
# Visual Studio Version 17
VisualStudioVersion = 17.13.35931.197
MinimumVisualStudioVersion = 10.0.40219.1
Project("{2150E333-8FDC-42A3-9474-1A3956D46DE8}") = "src", "src", "{02EA681E-C7D8-13C7-8484-4AC65E1B71E8}"
EndProject
Project("{2150E333-8FDC-42A3-9474-1A3956D46DE8}") = "tests", "tests", "{943EAC43-B9FD-4A36-90B7-88AB125FB331}"
EndProject
Project("{2150E333-8FDC-42A3-9474-1A3956D46DE8}") = "BackEnd", "BackEnd", "{69E32225-6CFC-4967-A9CD-3B699FB5D78D}"
EndProject
Project("{FAE04EC0-301F-11D3-BF4B-00C04F79EFBC}") = "CarStore.API", "src\BackEnd\CarStore.API\CarStore.API.csproj", "{F29859AA-812F-4DA2-92AA-100842A3DEDF}"
	ProjectSection(ProjectDependencies) = postProject
		{A3AB4D4D-74FB-42F4-8CC1-8BC14F07845D} = {A3AB4D4D-74FB-42F4-8CC1-8BC14F07845D}
	EndProjectSection
EndProject
Project("{FAE04EC0-301F-11D3-BF4B-00C04F79EFBC}") = "CarStore.Domain", "src\BackEnd\CarStore.Domain\CarStore.Domain.csproj", "{15474626-6AFE-45FF-8362-23189D5FC11C}"
EndProject
Project("{FAE04EC0-301F-11D3-BF4B-00C04F79EFBC}") = "CarStore.Application", "src\BackEnd\CarStore.Application\CarStore.Application.csproj", "{A3AB4D4D-74FB-42F4-8CC1-8BC14F07845D}"
	ProjectSection(ProjectDependencies) = postProject
		{15474626-6AFE-45FF-8362-23189D5FC11C} = {15474626-6AFE-45FF-8362-23189D5FC11C}
	EndProjectSection
EndProject
Project("{2150E333-8FDC-42A3-9474-1A3956D46DE8}") = "Solution Items", "Solution Items", "{3FB99F65-1D1A-42F7-BD51-F309B3A569C3}"
	ProjectSection(SolutionItems) = preProject
		.editorconfig = .editorconfig
		docker-compose.yml = docker-compose.yml
	EndProjectSection
EndProject
Project("{FAE04EC0-301F-11D3-BF4B-00C04F79EFBC}") = "CarStore.Infrastrucutre.Redis", "src\BackEnd\CarStore.Infrastrucutre.Redis\CarStore.Infrastrucutre.Redis.csproj", "{8D2CBA36-4B22-14B4-A3E2-13DDE0B48D6C}"
EndProject
Project("{FAE04EC0-301F-11D3-BF4B-00C04F79EFBC}") = "CommonTestUtilies", "tests\CommonTestUtilies\CommonTestUtilies.csproj", "{59C3862B-44D2-180E-E8EA-AAB3B820288A}"
EndProject
Project("{FAE04EC0-301F-11D3-BF4B-00C04F79EFBC}") = "UseCases.Test", "tests\UseCases.Test\UseCases.Test.csproj", "{1BA65157-31CB-E006-ADA6-72E463370EAD}"
EndProject
Project("{FAE04EC0-301F-11D3-BF4B-00C04F79EFBC}") = "Validators.Test", "tests\Validators.Test\Validators.Test.csproj", "{4BB7CEB2-E363-A757-3E61-D77042B1318C}"
EndProject
Project("{FAE04EC0-301F-11D3-BF4B-00C04F79EFBC}") = "WebApi.Test", "tests\WebApi.Test\WebApi.Test.csproj", "{31F37A73-051E-740D-8E8C-3C0AEB032C04}"
EndProject
Project("{FAE04EC0-301F-11D3-BF4B-00C04F79EFBC}") = "CarStore.Exceptions", "src\BackEnd\CarStore.Exceptions\CarStore.Exceptions.csproj", "{C3EBF28B-307E-F385-CCA7-911E7DF72772}"
EndProject
Project("{FAE04EC0-301F-11D3-BF4B-00C04F79EFBC}") = "CarStore.Infrastructure.SQL", "src\BackEnd\CarStore.Infrastructure.SQL\CarStore.Infrastructure.SQL.csproj", "{4E1CC294-9D39-5BB3-8B7C-3E6689D4F18B}"
EndProject
Global
	GlobalSection(SolutionConfigurationPlatforms) = preSolution
		Debug|Any CPU = Debug|Any CPU
		Release|Any CPU = Release|Any CPU
	EndGlobalSection
	GlobalSection(ProjectConfigurationPlatforms) = postSolution
		{F29859AA-812F-4DA2-92AA-100842A3DEDF}.Debug|Any CPU.ActiveCfg = Debug|Any CPU
		{F29859AA-812F-4DA2-92AA-100842A3DEDF}.Debug|Any CPU.Build.0 = Debug|Any CPU
		{F29859AA-812F-4DA2-92AA-100842A3DEDF}.Release|Any CPU.ActiveCfg = Release|Any CPU
		{F29859AA-812F-4DA2-92AA-100842A3DEDF}.Release|Any CPU.Build.0 = Release|Any CPU
		{15474626-6AFE-45FF-8362-23189D5FC11C}.Debug|Any CPU.ActiveCfg = Debug|Any CPU
		{15474626-6AFE-45FF-8362-23189D5FC11C}.Debug|Any CPU.Build.0 = Debug|Any CPU
		{15474626-6AFE-45FF-8362-23189D5FC11C}.Release|Any CPU.ActiveCfg = Release|Any CPU
		{15474626-6AFE-45FF-8362-23189D5FC11C}.Release|Any CPU.Build.0 = Release|Any CPU
		{A3AB4D4D-74FB-42F4-8CC1-8BC14F07845D}.Debug|Any CPU.ActiveCfg = Debug|Any CPU
		{A3AB4D4D-74FB-42F4-8CC1-8BC14F07845D}.Debug|Any CPU.Build.0 = Debug|Any CPU
		{A3AB4D4D-74FB-42F4-8CC1-8BC14F07845D}.Release|Any CPU.ActiveCfg = Release|Any CPU
		{A3AB4D4D-74FB-42F4-8CC1-8BC14F07845D}.Release|Any CPU.Build.0 = Release|Any CPU
		{8D2CBA36-4B22-14B4-A3E2-13DDE0B48D6C}.Debug|Any CPU.ActiveCfg = Debug|Any CPU
		{8D2CBA36-4B22-14B4-A3E2-13DDE0B48D6C}.Debug|Any CPU.Build.0 = Debug|Any CPU
		{8D2CBA36-4B22-14B4-A3E2-13DDE0B48D6C}.Release|Any CPU.ActiveCfg = Release|Any CPU
		{8D2CBA36-4B22-14B4-A3E2-13DDE0B48D6C}.Release|Any CPU.Build.0 = Release|Any CPU
		{59C3862B-44D2-180E-E8EA-AAB3B820288A}.Debug|Any CPU.ActiveCfg = Debug|Any CPU
		{59C3862B-44D2-180E-E8EA-AAB3B820288A}.Debug|Any CPU.Build.0 = Debug|Any CPU
		{59C3862B-44D2-180E-E8EA-AAB3B820288A}.Release|Any CPU.ActiveCfg = Release|Any CPU
		{59C3862B-44D2-180E-E8EA-AAB3B820288A}.Release|Any CPU.Build.0 = Release|Any CPU
		{1BA65157-31CB-E006-ADA6-72E463370EAD}.Debug|Any CPU.ActiveCfg = Debug|Any CPU
		{1BA65157-31CB-E006-ADA6-72E463370EAD}.Debug|Any CPU.Build.0 = Debug|Any CPU
		{1BA65157-31CB-E006-ADA6-72E463370EAD}.Release|Any CPU.ActiveCfg = Release|Any CPU
		{1BA65157-31CB-E006-ADA6-72E463370EAD}.Release|Any CPU.Build.0 = Release|Any CPU
		{4BB7CEB2-E363-A757-3E61-D77042B1318C}.Debug|Any CPU.ActiveCfg = Debug|Any CPU
		{4BB7CEB2-E363-A757-3E61-D77042B1318C}.Debug|Any CPU.Build.0 = Debug|Any CPU
		{4BB7CEB2-E363-A757-3E61-D77042B1318C}.Release|Any CPU.ActiveCfg = Release|Any CPU
		{4BB7CEB2-E363-A757-3E61-D77042B1318C}.Release|Any CPU.Build.0 = Release|Any CPU
		{31F37A73-051E-740D-8E8C-3C0AEB032C04}.Debug|Any CPU.ActiveCfg = Debug|Any CPU
		{31F37A73-051E-740D-8E8C-3C0AEB032C04}.Debug|Any CPU.Build.0 = Debug|Any CPU
		{31F37A73-051E-740D-8E8C-3C0AEB032C04}.Release|Any CPU.ActiveCfg = Release|Any CPU
		{31F37A73-051E-740D-8E8C-3C0AEB032C04}.Release|Any CPU.Build.0 = Release|Any CPU
		{C3EBF28B-307E-F385-CCA7-911E7DF72772}.Debug|Any CPU.ActiveCfg = Debug|Any CPU
		{C3EBF28B-307E-F385-CCA7-911E7DF72772}.Debug|Any CPU.Build.0 = Debug|Any CPU
		{C3EBF28B-307E-F385-CCA7-911E7DF72772}.Release|Any CPU.ActiveCfg = Release|Any CPU
		{C3EBF28B-307E-F385-CCA7-911E7DF72772}.Release|Any CPU.Build.0 = Release|Any CPU
		{4E1CC294-9D39-5BB3-8B7C-3E6689D4F18B}.Debug|Any CPU.ActiveCfg = Debug|Any CPU
		{4E1CC294-9D39-5BB3-8B7C-3E6689D4F18B}.Debug|Any CPU.Build.0 = Debug|Any CPU
		{4E1CC294-9D39-5BB3-8B7C-3E6689D4F18B}.Release|Any CPU.ActiveCfg = Release|Any CPU
		{4E1CC294-9D39-5BB3-8B7C-3E6689D4F18B}.Release|Any CPU.Build.0 = Release|Any CPU
	EndGlobalSection
	GlobalSection(SolutionProperties) = preSolution
		HideSolutionNode = FALSE
	EndGlobalSection
	GlobalSection(NestedProjects) = preSolution
		{69E32225-6CFC-4967-A9CD-3B699FB5D78D} = {02EA681E-C7D8-13C7-8484-4AC65E1B71E8}
		{F29859AA-812F-4DA2-92AA-100842A3DEDF} = {69E32225-6CFC-4967-A9CD-3B699FB5D78D}
		{15474626-6AFE-45FF-8362-23189D5FC11C} = {69E32225-6CFC-4967-A9CD-3B699FB5D78D}
		{A3AB4D4D-74FB-42F4-8CC1-8BC14F07845D} = {69E32225-6CFC-4967-A9CD-3B699FB5D78D}
		{8D2CBA36-4B22-14B4-A3E2-13DDE0B48D6C} = {69E32225-6CFC-4967-A9CD-3B699FB5D78D}
		{59C3862B-44D2-180E-E8EA-AAB3B820288A} = {943EAC43-B9FD-4A36-90B7-88AB125FB331}
		{1BA65157-31CB-E006-ADA6-72E463370EAD} = {943EAC43-B9FD-4A36-90B7-88AB125FB331}
		{4BB7CEB2-E363-A757-3E61-D77042B1318C} = {943EAC43-B9FD-4A36-90B7-88AB125FB331}
		{31F37A73-051E-740D-8E8C-3C0AEB032C04} = {943EAC43-B9FD-4A36-90B7-88AB125FB331}
		{C3EBF28B-307E-F385-CCA7-911E7DF72772} = {69E32225-6CFC-4967-A9CD-3B699FB5D78D}
		{4E1CC294-9D39-5BB3-8B7C-3E6689D4F18B} = {69E32225-6CFC-4967-A9CD-3B699FB5D78D}
	EndGlobalSection
	GlobalSection(ExtensibilityGlobals) = postSolution
		SolutionGuid = {C407CB21-C6D3-4A1B-B551-DDF8A989E550}
	EndGlobalSection
EndGlobal
