
Microsoft Visual Studio Solution File, Format Version 12.00
# Visual Studio Version 17
VisualStudioVersion = 17.13.35931.197
MinimumVisualStudioVersion = 10.0.40219.1
Project("{2150E333-8FDC-42A3-9474-1A3956D46DE8}") = "src", "src", "{02EA681E-C7D8-13C7-8484-4AC65E1B71E8}"
EndProject
Project("{2150E333-8FDC-42A3-9474-1A3956D46DE8}") = "tests", "tests", "{943EAC43-B9FD-4A36-90B7-88AB125FB331}"
EndProject
Project("{2150E333-8FDC-42A3-9474-1A3956D46DE8}") = "BackEnd", "BackEnd", "{69E32225-6CFC-4967-A9CD-3B699FB5D78D}"
EndProject
Project("{FAE04EC0-301F-11D3-BF4B-00C04F79EFBC}") = "CarStore.API", "src\BackEnd\CarStore.API\CarStore.API.csproj", "{F29859AA-812F-4DA2-92AA-100842A3DEDF}"
	ProjectSection(ProjectDependencies) = postProject
		{A3AB4D4D-74FB-42F4-8CC1-8BC14F07845D} = {A3AB4D4D-74FB-42F4-8CC1-8BC14F07845D}
		{F4701B6D-DEB5-4695-A2EE-DE53EED2F36F} = {F4701B6D-DEB5-4695-A2EE-DE53EED2F36F}
	EndProjectSection
EndProject
Project("{FAE04EC0-301F-11D3-BF4B-00C04F79EFBC}") = "CarStore.Domain", "src\BackEnd\CarStore.Domain\CarStore.Domain.csproj", "{15474626-6AFE-45FF-8362-23189D5FC11C}"
EndProject
Project("{FAE04EC0-301F-11D3-BF4B-00C04F79EFBC}") = "CarStore.Application", "src\BackEnd\CarStore.Application\CarStore.Application.csproj", "{A3AB4D4D-74FB-42F4-8CC1-8BC14F07845D}"
	ProjectSection(ProjectDependencies) = postProject
		{15474626-6AFE-45FF-8362-23189D5FC11C} = {15474626-6AFE-45FF-8362-23189D5FC11C}
		{F4701B6D-DEB5-4695-A2EE-DE53EED2F36F} = {F4701B6D-DEB5-4695-A2EE-DE53EED2F36F}
	EndProjectSection
EndProject
Project("{FAE04EC0-301F-11D3-BF4B-00C04F79EFBC}") = "CarStore.Infrastructure.SQL", "src\BackEnd\CarStore.Infrastructure\CarStore.Infrastructure.SQL.csproj", "{9AA520B1-3A79-4165-A222-B2F82E50A37B}"
	ProjectSection(ProjectDependencies) = postProject
		{15474626-6AFE-45FF-8362-23189D5FC11C} = {15474626-6AFE-45FF-8362-23189D5FC11C}
	EndProjectSection
EndProject
Project("{FAE04EC0-301F-11D3-BF4B-00C04F79EFBC}") = "CarStore.Exceptions", "src\Shared\CarStore.Exceptions\CarStore.Exceptions.csproj", "{F4701B6D-DEB5-4695-A2EE-DE53EED2F36F}"
EndProject
Project("{2150E333-8FDC-42A3-9474-1A3956D46DE8}") = "Solution Items", "Solution Items", "{3FB99F65-1D1A-42F7-BD51-F309B3A569C3}"
	ProjectSection(SolutionItems) = preProject
		.editorconfig = .editorconfig
	EndProjectSection
EndProject
Project("{FAE04EC0-301F-11D3-BF4B-00C04F79EFBC}") = "CommonTestUtilies", "CommonTestUtilies\CommonTestUtilies.csproj", "{AE19B80D-454E-4278-B7B2-6C6F378A7B3B}"
EndProject
Project("{FAE04EC0-301F-11D3-BF4B-00C04F79EFBC}") = "UseCases.Test", "UseCases.Test\UseCases.Test.csproj", "{30C54314-604D-464E-9D0F-F41AF15E2152}"
EndProject
Project("{FAE04EC0-301F-11D3-BF4B-00C04F79EFBC}") = "Validators.Test", "Validators.Test\Validators.Test.csproj", "{B69C42C6-BBC0-486B-ACF9-0563570220C7}"
EndProject
Project("{FAE04EC0-301F-11D3-BF4B-00C04F79EFBC}") = "WebApi.Test", "WebApi.Test\WebApi.Test.csproj", "{E99631F1-F30A-490D-B5A2-58D921FE311D}"
EndProject
Project("{FAE04EC0-301F-11D3-BF4B-00C04F79EFBC}") = "CarStore.Infrastrucutre.Redis", "Infrastrucutre.Redis\CarStore.Infrastrucutre.Redis.csproj", "{B749FDC7-7E1F-4BCC-A9F6-A9F027111773}"
	ProjectSection(ProjectDependencies) = postProject
		{15474626-6AFE-45FF-8362-23189D5FC11C} = {15474626-6AFE-45FF-8362-23189D5FC11C}
	EndProjectSection
EndProject
Global
	GlobalSection(SolutionConfigurationPlatforms) = preSolution
		Debug|Any CPU = Debug|Any CPU
		Release|Any CPU = Release|Any CPU
	EndGlobalSection
	GlobalSection(ProjectConfigurationPlatforms) = postSolution
		{F29859AA-812F-4DA2-92AA-100842A3DEDF}.Debug|Any CPU.ActiveCfg = Debug|Any CPU
		{F29859AA-812F-4DA2-92AA-100842A3DEDF}.Debug|Any CPU.Build.0 = Debug|Any CPU
		{F29859AA-812F-4DA2-92AA-100842A3DEDF}.Release|Any CPU.ActiveCfg = Release|Any CPU
		{F29859AA-812F-4DA2-92AA-100842A3DEDF}.Release|Any CPU.Build.0 = Release|Any CPU
		{15474626-6AFE-45FF-8362-23189D5FC11C}.Debug|Any CPU.ActiveCfg = Debug|Any CPU
		{15474626-6AFE-45FF-8362-23189D5FC11C}.Debug|Any CPU.Build.0 = Debug|Any CPU
		{15474626-6AFE-45FF-8362-23189D5FC11C}.Release|Any CPU.ActiveCfg = Release|Any CPU
		{15474626-6AFE-45FF-8362-23189D5FC11C}.Release|Any CPU.Build.0 = Release|Any CPU
		{A3AB4D4D-74FB-42F4-8CC1-8BC14F07845D}.Debug|Any CPU.ActiveCfg = Debug|Any CPU
		{A3AB4D4D-74FB-42F4-8CC1-8BC14F07845D}.Debug|Any CPU.Build.0 = Debug|Any CPU
		{A3AB4D4D-74FB-42F4-8CC1-8BC14F07845D}.Release|Any CPU.ActiveCfg = Release|Any CPU
		{A3AB4D4D-74FB-42F4-8CC1-8BC14F07845D}.Release|Any CPU.Build.0 = Release|Any CPU
		{9AA520B1-3A79-4165-A222-B2F82E50A37B}.Debug|Any CPU.ActiveCfg = Debug|Any CPU
		{9AA520B1-3A79-4165-A222-B2F82E50A37B}.Debug|Any CPU.Build.0 = Debug|Any CPU
		{9AA520B1-3A79-4165-A222-B2F82E50A37B}.Release|Any CPU.ActiveCfg = Release|Any CPU
		{9AA520B1-3A79-4165-A222-B2F82E50A37B}.Release|Any CPU.Build.0 = Release|Any CPU
		{F4701B6D-DEB5-4695-A2EE-DE53EED2F36F}.Debug|Any CPU.ActiveCfg = Debug|Any CPU
		{F4701B6D-DEB5-4695-A2EE-DE53EED2F36F}.Debug|Any CPU.Build.0 = Debug|Any CPU
		{F4701B6D-DEB5-4695-A2EE-DE53EED2F36F}.Release|Any CPU.ActiveCfg = Release|Any CPU
		{F4701B6D-DEB5-4695-A2EE-DE53EED2F36F}.Release|Any CPU.Build.0 = Release|Any CPU
		{AE19B80D-454E-4278-B7B2-6C6F378A7B3B}.Debug|Any CPU.ActiveCfg = Debug|Any CPU
		{AE19B80D-454E-4278-B7B2-6C6F378A7B3B}.Debug|Any CPU.Build.0 = Debug|Any CPU
		{AE19B80D-454E-4278-B7B2-6C6F378A7B3B}.Release|Any CPU.ActiveCfg = Release|Any CPU
		{AE19B80D-454E-4278-B7B2-6C6F378A7B3B}.Release|Any CPU.Build.0 = Release|Any CPU
		{30C54314-604D-464E-9D0F-F41AF15E2152}.Debug|Any CPU.ActiveCfg = Debug|Any CPU
		{30C54314-604D-464E-9D0F-F41AF15E2152}.Debug|Any CPU.Build.0 = Debug|Any CPU
		{30C54314-604D-464E-9D0F-F41AF15E2152}.Release|Any CPU.ActiveCfg = Release|Any CPU
		{30C54314-604D-464E-9D0F-F41AF15E2152}.Release|Any CPU.Build.0 = Release|Any CPU
		{B69C42C6-BBC0-486B-ACF9-0563570220C7}.Debug|Any CPU.ActiveCfg = Debug|Any CPU
		{B69C42C6-BBC0-486B-ACF9-0563570220C7}.Debug|Any CPU.Build.0 = Debug|Any CPU
		{B69C42C6-BBC0-486B-ACF9-0563570220C7}.Release|Any CPU.ActiveCfg = Release|Any CPU
		{B69C42C6-BBC0-486B-ACF9-0563570220C7}.Release|Any CPU.Build.0 = Release|Any CPU
		{E99631F1-F30A-490D-B5A2-58D921FE311D}.Debug|Any CPU.ActiveCfg = Debug|Any CPU
		{E99631F1-F30A-490D-B5A2-58D921FE311D}.Debug|Any CPU.Build.0 = Debug|Any CPU
		{E99631F1-F30A-490D-B5A2-58D921FE311D}.Release|Any CPU.ActiveCfg = Release|Any CPU
		{E99631F1-F30A-490D-B5A2-58D921FE311D}.Release|Any CPU.Build.0 = Release|Any CPU
		{B749FDC7-7E1F-4BCC-A9F6-A9F027111773}.Debug|Any CPU.ActiveCfg = Debug|Any CPU
		{B749FDC7-7E1F-4BCC-A9F6-A9F027111773}.Debug|Any CPU.Build.0 = Debug|Any CPU
		{B749FDC7-7E1F-4BCC-A9F6-A9F027111773}.Release|Any CPU.ActiveCfg = Release|Any CPU
		{B749FDC7-7E1F-4BCC-A9F6-A9F027111773}.Release|Any CPU.Build.0 = Release|Any CPU
	EndGlobalSection
	GlobalSection(SolutionProperties) = preSolution
		HideSolutionNode = FALSE
	EndGlobalSection
	GlobalSection(NestedProjects) = preSolution
		{69E32225-6CFC-4967-A9CD-3B699FB5D78D} = {02EA681E-C7D8-13C7-8484-4AC65E1B71E8}
		{F29859AA-812F-4DA2-92AA-100842A3DEDF} = {69E32225-6CFC-4967-A9CD-3B699FB5D78D}
		{15474626-6AFE-45FF-8362-23189D5FC11C} = {69E32225-6CFC-4967-A9CD-3B699FB5D78D}
		{A3AB4D4D-74FB-42F4-8CC1-8BC14F07845D} = {69E32225-6CFC-4967-A9CD-3B699FB5D78D}
		{9AA520B1-3A79-4165-A222-B2F82E50A37B} = {69E32225-6CFC-4967-A9CD-3B699FB5D78D}
		{F4701B6D-DEB5-4695-A2EE-DE53EED2F36F} = {69E32225-6CFC-4967-A9CD-3B699FB5D78D}
		{AE19B80D-454E-4278-B7B2-6C6F378A7B3B} = {943EAC43-B9FD-4A36-90B7-88AB125FB331}
		{30C54314-604D-464E-9D0F-F41AF15E2152} = {943EAC43-B9FD-4A36-90B7-88AB125FB331}
		{B69C42C6-BBC0-486B-ACF9-0563570220C7} = {943EAC43-B9FD-4A36-90B7-88AB125FB331}
		{E99631F1-F30A-490D-B5A2-58D921FE311D} = {943EAC43-B9FD-4A36-90B7-88AB125FB331}
		{B749FDC7-7E1F-4BCC-A9F6-A9F027111773} = {69E32225-6CFC-4967-A9CD-3B699FB5D78D}
	EndGlobalSection
	GlobalSection(ExtensibilityGlobals) = postSolution
		SolutionGuid = {C407CB21-C6D3-4A1B-B551-DDF8A989E550}
	EndGlobalSection
EndGlobal
